
Microsoft Visual Studio Solution File, Format Version 12.00
# Visual Studio Version 16
VisualStudioVersion = 16.0.32413.511
MinimumVisualStudioVersion = 10.0.40219.1
Project("{FAE04EC0-301F-11D3-BF4B-00C04F79EFBC}") = "Game_Pikachu", "Game_Pikachu\Game_Pikachu.csproj", "{A3D678A9-8907-4752-AD20-16A8820D96E3}"
EndProject
Project("{FAE04EC0-301F-11D3-BF4B-00C04F79EFBC}") = "Server", "Server\Server.csproj", "{5CD7A440-66F9-4CE2-94F0-5E1702EF1EB5}"
EndProject
Global
	GlobalSection(SolutionConfigurationPlatforms) = preSolution
		Debug|Any CPU = Debug|Any CPU
		Release|Any CPU = Release|Any CPU
	EndGlobalSection
	GlobalSection(ProjectConfigurationPlatforms) = postSolution
		{A3D678A9-8907-4752-AD20-16A8820D96E3}.Debug|Any CPU.ActiveCfg = Debug|Any CPU
		{A3D678A9-8907-4752-AD20-16A8820D96E3}.Debug|Any CPU.Build.0 = Debug|Any CPU
		{A3D678A9-8907-4752-AD20-16A8820D96E3}.Release|Any CPU.ActiveCfg = Release|Any CPU
		{A3D678A9-8907-4752-AD20-16A8820D96E3}.Release|Any CPU.Build.0 = Release|Any CPU
		{5CD7A440-66F9-4CE2-94F0-5E1702EF1EB5}.Debug|Any CPU.ActiveCfg = Debug|Any CPU
		{5CD7A440-66F9-4CE2-94F0-5E1702EF1EB5}.Debug|Any CPU.Build.0 = Debug|Any CPU
		{5CD7A440-66F9-4CE2-94F0-5E1702EF1EB5}.Release|Any CPU.ActiveCfg = Release|Any CPU
		{5CD7A440-66F9-4CE2-94F0-5E1702EF1EB5}.Release|Any CPU.Build.0 = Release|Any CPU
	EndGlobalSection
	GlobalSection(SolutionProperties) = preSolution
		HideSolutionNode = FALSE
	EndGlobalSection
	GlobalSection(ExtensibilityGlobals) = postSolution
		SolutionGuid = {395D8933-A19C-41FF-8C3B-A9E609006BBB}
	EndGlobalSection
EndGlobal
